
Microsoft Visual Studio Solution File, Format Version 12.00
# Visual Studio 2013
VisualStudioVersion = 12.0.31101.0
MinimumVisualStudioVersion = 10.0.40219.1
Project("{FAE04EC0-301F-11D3-BF4B-00C04F79EFBC}") = "Server", "Server\Server.csproj", "{68045611-F9C8-44EA-B681-46A974845ACA}"
EndProject
Project("{FAE04EC0-301F-11D3-BF4B-00C04F79EFBC}") = "WebClient", "WebClient\WebClient.csproj", "{28B8E7FC-9BC5-4C3C-9436-24237DFFBE27}"
EndProject
Project("{2150E333-8FDC-42A3-9474-1A3956D46DE8}") = ".nuget", ".nuget", "{897804AC-90B7-409D-9FB5-61767444656E}"
	ProjectSection(SolutionItems) = preProject
		.nuget\packages.config = .nuget\packages.config
	EndProjectSection
EndProject
Global
	GlobalSection(SolutionConfigurationPlatforms) = preSolution
		Debug|Any CPU = Debug|Any CPU
		Release|Any CPU = Release|Any CPU
	EndGlobalSection
	GlobalSection(ProjectConfigurationPlatforms) = postSolution
		{68045611-F9C8-44EA-B681-46A974845ACA}.Debug|Any CPU.ActiveCfg = Debug|Any CPU
		{68045611-F9C8-44EA-B681-46A974845ACA}.Debug|Any CPU.Build.0 = Debug|Any CPU
		{68045611-F9C8-44EA-B681-46A974845ACA}.Release|Any CPU.ActiveCfg = Release|Any CPU
		{68045611-F9C8-44EA-B681-46A974845ACA}.Release|Any CPU.Build.0 = Release|Any CPU
		{28B8E7FC-9BC5-4C3C-9436-24237DFFBE27}.Debug|Any CPU.ActiveCfg = Debug|Any CPU
		{28B8E7FC-9BC5-4C3C-9436-24237DFFBE27}.Debug|Any CPU.Build.0 = Debug|Any CPU
		{28B8E7FC-9BC5-4C3C-9436-24237DFFBE27}.Release|Any CPU.ActiveCfg = Release|Any CPU
		{28B8E7FC-9BC5-4C3C-9436-24237DFFBE27}.Release|Any CPU.Build.0 = Release|Any CPU
	EndGlobalSection
	GlobalSection(SolutionProperties) = preSolution
		HideSolutionNode = FALSE
	EndGlobalSection
EndGlobal
